{"fusio/marketplace":{"baseUrl":"https://api.fusio-project.org","security":{"type":"oauth2","tokenUrl":"https://api.fusio-project.org/authorization/token","authorizationUrl":"https://api.fusio-project.org/authorization/authorize","scopes":["default","marketplace","task"]},"operations":{"authorization.getWhoami":{"path":"/authorization/whoami","method":"GET","return":{"code":200,"schema":{"type":"reference","target":"Backend_User"}},"arguments":[],"throws":[{"code":999,"schema":{"type":"reference","target":"Common_Message"}}],"description":"Returns user data of the current authenticated user","stability":2,"security":["authorization"],"authorization":true,"tags":[]},"authorization.revoke":{"path":"/authorization/revoke","method":"POST","return":{"code":200,"schema":{"type":"reference","target":"Common_Message"}},"arguments":[],"throws":[{"code":999,"schema":{"type":"reference","target":"Common_Message"}}],"description":"Revoke the access token of the current authenticated user","stability":2,"security":["authorization"],"authorization":true,"tags":[]},"marketplace.directory.action.get":{"path":"/marketplace/directory/action/:user/:name","method":"GET","return":{"code":200,"schema":{"type":"reference","target":"MarketplaceAction"}},"arguments":{"user":{"in":"path","schema":{"type":"string"}},"name":{"in":"path","schema":{"type":"string"}}},"throws":[{"code":999,"schema":{"type":"reference","target":"MarketplaceMessage"}}],"description":"Returns details of a specific action","stability":1,"security":[],"authorization":false,"tags":[]},"marketplace.directory.action.getAll":{"path":"/marketplace/directory/action","method":"GET","return":{"code":200,"schema":{"type":"reference","target":"MarketplaceActionCollection"}},"arguments":{"startIndex":{"in":"query","schema":{"type":"integer"}},"count":{"in":"query","schema":{"type":"integer"}},"search":{"in":"query","schema":{"type":"string"}}},"throws":[{"code":999,"schema":{"type":"reference","target":"MarketplaceMessage"}}],"description":"Returns all available actions","stability":1,"security":[],"authorization":false,"tags":[]},"marketplace.directory.action.install":{"path":"/marketplace/directory/action","method":"POST","return":{"code":200,"schema":{"type":"reference","target":"MarketplaceAction"}},"arguments":{"payload":{"in":"body","schema":{"type":"reference","target":"MarketplaceInstall"}}},"throws":[{"code":999,"schema":{"type":"reference","target":"MarketplaceMessage"}}],"description":"Installs an existing action","stability":1,"security":[],"authorization":false,"tags":[]},"marketplace.directory.app.get":{"path":"/marketplace/directory/app/:user/:name","method":"GET","return":{"code":200,"schema":{"type":"reference","target":"MarketplaceApp"}},"arguments":{"user":{"in":"path","schema":{"type":"string"}},"name":{"in":"path","schema":{"type":"string"}}},"throws":[{"code":999,"schema":{"type":"reference","target":"MarketplaceMessage"}}],"description":"Returns details of a specific app","stability":1,"security":[],"authorization":false,"tags":[]},"marketplace.directory.app.getAll":{"path":"/marketplace/directory/app","method":"GET","return":{"code":200,"schema":{"type":"reference","target":"MarketplaceAppCollection"}},"arguments":{"startIndex":{"in":"query","schema":{"type":"integer"}},"count":{"in":"query","schema":{"type":"integer"}},"search":{"in":"query","schema":{"type":"string"}}},"throws":[{"code":999,"schema":{"type":"reference","target":"MarketplaceMessage"}}],"description":"Returns all available apps","stability":1,"security":[],"authorization":false,"tags":[]},"marketplace.directory.app.install":{"path":"/marketplace/directory/app","method":"POST","return":{"code":200,"schema":{"type":"reference","target":"MarketplaceApp"}},"arguments":{"payload":{"in":"body","schema":{"type":"reference","target":"MarketplaceInstall"}}},"throws":[{"code":999,"schema":{"type":"reference","target":"MarketplaceMessage"}}],"description":"Installs an existing app","stability":1,"security":[],"authorization":false,"tags":[]},"marketplace.directory.bundle.get":{"path":"/marketplace/directory/bundle/:user/:name","method":"GET","return":{"code":200,"schema":{"type":"reference","target":"MarketplaceBundle"}},"arguments":{"user":{"in":"path","schema":{"type":"string"}},"name":{"in":"path","schema":{"type":"string"}}},"throws":[{"code":999,"schema":{"type":"reference","target":"MarketplaceMessage"}}],"description":"Returns details of a specific bundle","stability":1,"security":[],"authorization":false,"tags":[]},"marketplace.directory.bundle.getAll":{"path":"/marketplace/directory/bundle","method":"GET","return":{"code":200,"schema":{"type":"reference","target":"MarketplaceBundleCollection"}},"arguments":{"startIndex":{"in":"query","schema":{"type":"integer"}},"count":{"in":"query","schema":{"type":"integer"}},"search":{"in":"query","schema":{"type":"string"}}},"throws":[{"code":999,"schema":{"type":"reference","target":"MarketplaceMessage"}}],"description":"Returns all available bundles","stability":1,"security":[],"authorization":false,"tags":[]},"marketplace.directory.bundle.install":{"path":"/marketplace/directory/bundle","method":"POST","return":{"code":200,"schema":{"type":"reference","target":"MarketplaceBundle"}},"arguments":{"payload":{"in":"body","schema":{"type":"reference","target":"MarketplaceInstall"}}},"throws":[{"code":999,"schema":{"type":"reference","target":"MarketplaceMessage"}}],"description":"Installs an existing bundle","stability":1,"security":[],"authorization":false,"tags":[]},"marketplace.my.action.create":{"path":"/marketplace/my/action","method":"POST","return":{"code":201,"schema":{"type":"reference","target":"MarketplaceMessage"}},"arguments":{"payload":{"in":"body","schema":{"type":"reference","target":"MarketplaceActionCreate"}}},"throws":[{"code":999,"schema":{"type":"reference","target":"MarketplaceMessage"}}],"description":"Create a new action","stability":1,"security":["marketplace"],"authorization":true,"tags":[]},"marketplace.my.action.delete":{"path":"/marketplace/my/action/:action_id","method":"DELETE","return":{"code":200,"schema":{"type":"reference","target":"MarketplaceMessage"}},"arguments":{"action_id":{"in":"path","schema":{"type":"string"}}},"throws":[{"code":999,"schema":{"type":"reference","target":"MarketplaceMessage"}}],"description":"Removes an action","stability":1,"security":["marketplace"],"authorization":true,"tags":[]},"marketplace.my.action.get":{"path":"/marketplace/my/action/:action_id","method":"GET","return":{"code":200,"schema":{"type":"reference","target":"MarketplaceAction"}},"arguments":{"action_id":{"in":"path","schema":{"type":"string"}}},"throws":[{"code":999,"schema":{"type":"reference","target":"MarketplaceMessage"}}],"description":"Returns a specific action","stability":1,"security":["marketplace"],"authorization":true,"tags":[]},"marketplace.my.action.getAll":{"path":"/marketplace/my/action","method":"GET","return":{"code":200,"schema":{"type":"reference","target":"MarketplaceActionCollection"}},"arguments":{"startIndex":{"in":"query","schema":{"type":"integer"}},"count":{"in":"query","schema":{"type":"integer"}},"search":{"in":"query","schema":{"type":"string"}}},"throws":[{"code":999,"schema":{"type":"reference","target":"MarketplaceMessage"}}],"description":"Returns all actions for the authenticated user","stability":1,"security":["marketplace"],"authorization":true,"tags":[]},"marketplace.my.action.publish":{"path":"/marketplace/my/action/:action_id/publish","method":"POST","return":{"code":200,"schema":{"type":"reference","target":"MarketplaceMessage"}},"arguments":{"action_id":{"in":"path","schema":{"type":"string"}},"payload":{"in":"body","schema":{"type":"reference","target":"Passthru"}}},"throws":[{"code":999,"schema":{"type":"reference","target":"MarketplaceMessage"}}],"description":"Publish an action","stability":1,"security":["marketplace"],"authorization":true,"tags":[]},"marketplace.my.action.update":{"path":"/marketplace/my/action/:action_id","method":"PUT","return":{"code":200,"schema":{"type":"reference","target":"MarketplaceMessage"}},"arguments":{"action_id":{"in":"path","schema":{"type":"string"}},"payload":{"in":"body","schema":{"type":"reference","target":"MarketplaceActionUpdate"}}},"throws":[{"code":999,"schema":{"type":"reference","target":"MarketplaceMessage"}}],"description":"Updates an action","stability":1,"security":["marketplace"],"authorization":true,"tags":[]},"marketplace.my.app.create":{"path":"/marketplace/my/app","method":"POST","return":{"code":201,"schema":{"type":"reference","target":"MarketplaceMessage"}},"arguments":{"payload":{"in":"body","schema":{"type":"reference","target":"MarketplaceAppCreate"}}},"throws":[{"code":999,"schema":{"type":"reference","target":"MarketplaceMessage"}}],"description":"Create a new app","stability":1,"security":["marketplace"],"authorization":true,"tags":[]},"marketplace.my.app.delete":{"path":"/marketplace/my/app/:app_id","method":"DELETE","return":{"code":200,"schema":{"type":"reference","target":"MarketplaceMessage"}},"arguments":{"app_id":{"in":"path","schema":{"type":"string"}}},"throws":[{"code":999,"schema":{"type":"reference","target":"MarketplaceMessage"}}],"description":"Removes an app","stability":1,"security":["marketplace"],"authorization":true,"tags":[]},"marketplace.my.app.get":{"path":"/marketplace/my/app/:app_id","method":"GET","return":{"code":200,"schema":{"type":"reference","target":"MarketplaceApp"}},"arguments":{"app_id":{"in":"path","schema":{"type":"string"}}},"throws":[{"code":999,"schema":{"type":"reference","target":"MarketplaceMessage"}}],"description":"Returns a specific app","stability":1,"security":["marketplace"],"authorization":true,"tags":[]},"marketplace.my.app.getAll":{"path":"/marketplace/my/app","method":"GET","return":{"code":200,"schema":{"type":"reference","target":"MarketplaceAppCollection"}},"arguments":{"startIndex":{"in":"query","schema":{"type":"integer"}},"count":{"in":"query","schema":{"type":"integer"}},"search":{"in":"query","schema":{"type":"string"}}},"throws":[{"code":999,"schema":{"type":"reference","target":"MarketplaceMessage"}}],"description":"Returns all apps for the authenticated user","stability":1,"security":["marketplace"],"authorization":true,"tags":[]},"marketplace.my.app.publish":{"path":"/marketplace/my/app/:app_id/publish","method":"POST","return":{"code":200,"schema":{"type":"reference","target":"MarketplaceMessage"}},"arguments":{"app_id":{"in":"path","schema":{"type":"string"}},"payload":{"in":"body","schema":{"type":"reference","target":"Passthru"}}},"throws":[{"code":999,"schema":{"type":"reference","target":"MarketplaceMessage"}}],"description":"Publish an app","stability":1,"security":["marketplace"],"authorization":true,"tags":[]},"marketplace.my.app.update":{"path":"/marketplace/my/app/:app_id","method":"PUT","return":{"code":200,"schema":{"type":"reference","target":"MarketplaceMessage"}},"arguments":{"app_id":{"in":"path","schema":{"type":"string"}},"payload":{"in":"body","schema":{"type":"reference","target":"MarketplaceAppUpdate"}}},"throws":[{"code":999,"schema":{"type":"reference","target":"MarketplaceMessage"}}],"description":"Updates an app","stability":1,"security":["marketplace"],"authorization":true,"tags":[]},"marketplace.my.bundle.create":{"path":"/marketplace/my/bundle","method":"POST","return":{"code":201,"schema":{"type":"reference","target":"MarketplaceMessage"}},"arguments":{"payload":{"in":"body","schema":{"type":"reference","target":"MarketplaceBundleCreate"}}},"throws":[{"code":999,"schema":{"type":"reference","target":"MarketplaceMessage"}}],"description":"Create a new bundle","stability":1,"security":["marketplace"],"authorization":true,"tags":[]},"marketplace.my.bundle.delete":{"path":"/marketplace/my/bundle/:bundle_id","method":"DELETE","return":{"code":200,"schema":{"type":"reference","target":"MarketplaceMessage"}},"arguments":{"bundle_id":{"in":"path","schema":{"type":"string"}}},"throws":[{"code":999,"schema":{"type":"reference","target":"MarketplaceMessage"}}],"description":"Removes a bundle","stability":1,"security":["marketplace"],"authorization":true,"tags":[]},"marketplace.my.bundle.get":{"path":"/marketplace/my/bundle/:bundle_id","method":"GET","return":{"code":200,"schema":{"type":"reference","target":"MarketplaceBundle"}},"arguments":{"bundle_id":{"in":"path","schema":{"type":"string"}}},"throws":[{"code":999,"schema":{"type":"reference","target":"MarketplaceMessage"}}],"description":"Returns a specific bundle","stability":1,"security":["marketplace"],"authorization":true,"tags":[]},"marketplace.my.bundle.getAll":{"path":"/marketplace/my/bundle","method":"GET","return":{"code":200,"schema":{"type":"reference","target":"MarketplaceBundleCollection"}},"arguments":{"startIndex":{"in":"query","schema":{"type":"integer"}},"count":{"in":"query","schema":{"type":"integer"}},"search":{"in":"query","schema":{"type":"string"}}},"throws":[{"code":999,"schema":{"type":"reference","target":"MarketplaceMessage"}}],"description":"Returns all bundles for the authenticated user","stability":1,"security":["marketplace"],"authorization":true,"tags":[]},"marketplace.my.bundle.publish":{"path":"/marketplace/my/bundle/:bundle_id/publish","method":"POST","return":{"code":200,"schema":{"type":"reference","target":"MarketplaceMessage"}},"arguments":{"bundle_id":{"in":"path","schema":{"type":"string"}},"payload":{"in":"body","schema":{"type":"reference","target":"Passthru"}}},"throws":[{"code":999,"schema":{"type":"reference","target":"MarketplaceMessage"}}],"description":"Publish an bundle","stability":1,"security":["marketplace"],"authorization":true,"tags":[]},"marketplace.my.bundle.update":{"path":"/marketplace/my/bundle/:bundle_id","method":"PUT","return":{"code":200,"schema":{"type":"reference","target":"MarketplaceMessage"}},"arguments":{"bundle_id":{"in":"path","schema":{"type":"string"}},"payload":{"in":"body","schema":{"type":"reference","target":"MarketplaceBundleUpdate"}}},"throws":[{"code":999,"schema":{"type":"reference","target":"MarketplaceMessage"}}],"description":"Updates a bundle","stability":1,"security":["marketplace"],"authorization":true,"tags":[]},"meta.getAbout":{"path":"/","method":"GET","return":{"code":200,"schema":{"type":"reference","target":"System_About"}},"arguments":[],"throws":[{"code":999,"schema":{"type":"reference","target":"Common_Message"}}],"description":"Returns meta information and links about the current installed Fusio version","stability":2,"security":[],"authorization":false,"tags":[]}},"definitions":{"Backend_App":{"description":"This object represents an app to access the API on-behalf of a user","type":"struct","properties":{"id":{"description":"Unique identifier for the object","type":"integer"},"userId":{"type":"integer"},"status":{"description":"Status of the object either 1 = active, 2 = pending, 3 = deactivated or 4 = deleted","type":"integer"},"name":{"description":"Unique name of the object","type":"string"},"url":{"description":"Url where the app is hosted","type":"string"},"parameters":{"description":"Optional URL-encoded parameters of the app i.e. foo=bar\u0026bar=foo","type":"string"},"appKey":{"description":"The app key also known as client id which is generated on creation","type":"string"},"appSecret":{"description":"The app secret also known as client secret which is generated on creation","type":"string"},"metadata":{"description":"Use this parameter to attach key-value data","type":"reference","target":"Common_Metadata"},"date":{"description":"The create date of this object","type":"string","format":"date-time"},"scopes":{"description":"A list of assigned scopes for this app","type":"array","schema":{"type":"string"}},"tokens":{"description":"A list of tokens which are assigned to this app","type":"array","schema":{"type":"reference","target":"Backend_Token"}}}},"Backend_Token":{"description":"This object represents a token, this an access token which was requested by a user","type":"struct","properties":{"id":{"description":"Unique identifier for the object","type":"integer"},"status":{"description":"Status of the object either 1 = active or 2 = deleted","type":"integer"},"name":{"type":"string"},"scopes":{"type":"array","schema":{"type":"string"}},"ip":{"type":"string"},"expire":{"type":"string","format":"date-time"},"date":{"type":"string","format":"date-time"}}},"Backend_User":{"description":"This object represents a user","type":"struct","properties":{"id":{"description":"Unique identifier for the object","type":"integer"},"roleId":{"description":"A role which is assigned to the user","type":"integer"},"planId":{"description":"A plan which is assigned to the user","type":"integer"},"status":{"description":"Status of the object either 1 = active, 2 = disabled or 0 = deleted","type":"integer"},"name":{"description":"Unique name of the object","type":"string"},"email":{"description":"The email address of the user","type":"string"},"points":{"description":"Points assigned to the user","type":"integer"},"scopes":{"description":"List of scopes which are assigned to the user","type":"array","schema":{"type":"string"}},"apps":{"type":"array","schema":{"type":"reference","target":"Backend_App"}},"metadata":{"description":"Use this parameter to attach key-value data","type":"reference","target":"Common_Metadata"},"date":{"description":"The insert date","type":"string","format":"date-time"}}},"Common_Message":{"description":"Common error message","type":"struct","properties":{"success":{"type":"boolean"},"message":{"type":"string"},"id":{"type":"string"}}},"Common_Metadata":{"type":"map","schema":{"type":"string"}},"MarketplaceAction":{"type":"struct","parent":{"type":"reference","target":"MarketplaceObject"},"properties":{"class":{"type":"string"},"config":{"type":"reference","target":"MarketplaceActionConfig"}}},"MarketplaceActionCollection":{"type":"struct","parent":{"type":"reference","target":"MarketplaceCollection","template":{"T":"MarketplaceAction"}}},"MarketplaceActionConfig":{"type":"map","schema":{"type":"any"}},"MarketplaceActionCreate":{"type":"struct","parent":{"type":"reference","target":"MarketplaceAction"}},"MarketplaceActionUpdate":{"type":"struct","parent":{"type":"reference","target":"MarketplaceAction"}},"MarketplaceApp":{"type":"struct","parent":{"type":"reference","target":"MarketplaceObject"},"properties":{"scopes":{"type":"array","schema":{"type":"string"}},"downloadUrl":{"type":"string"},"hash":{"type":"string"}}},"MarketplaceAppCollection":{"type":"struct","parent":{"type":"reference","target":"MarketplaceCollection","template":{"T":"MarketplaceApp"}}},"MarketplaceAppCreate":{"type":"struct","parent":{"type":"reference","target":"MarketplaceApp"}},"MarketplaceAppUpdate":{"type":"struct","parent":{"type":"reference","target":"MarketplaceApp"}},"MarketplaceBundle":{"type":"struct","parent":{"type":"reference","target":"MarketplaceObject"},"properties":{"config":{"type":"reference","target":"MarketplaceBundleConfig"}}},"MarketplaceBundleAction":{"type":"struct","properties":{"name":{"type":"string"},"class":{"type":"string"},"config":{"type":"reference","target":"MarketplaceBundleActionConfig"}}},"MarketplaceBundleActionConfig":{"type":"map","schema":{"type":"any"}},"MarketplaceBundleCollection":{"type":"struct","parent":{"type":"reference","target":"MarketplaceCollection","template":{"T":"MarketplaceBundle"}}},"MarketplaceBundleConfig":{"type":"struct","properties":{"actions":{"type":"array","schema":{"type":"reference","target":"MarketplaceBundleAction"}},"schemas":{"type":"array","schema":{"type":"reference","target":"MarketplaceBundleSchema"}},"events":{"type":"array","schema":{"type":"reference","target":"MarketplaceBundleEvent"}},"cronjobs":{"type":"array","schema":{"type":"reference","target":"MarketplaceBundleCronjob"}},"triggers":{"type":"array","schema":{"type":"reference","target":"MarketplaceBundleTrigger"}}}},"MarketplaceBundleCreate":{"type":"struct","parent":{"type":"reference","target":"MarketplaceBundle"}},"MarketplaceBundleCronjob":{"type":"struct","properties":{"name":{"type":"string"},"cron":{"type":"string"},"action":{"type":"string"}}},"MarketplaceBundleEvent":{"type":"struct","properties":{"name":{"type":"string"},"description":{"type":"string"},"schema":{"type":"string"}}},"MarketplaceBundleSchema":{"type":"struct","properties":{"name":{"type":"string"},"source":{"type":"reference","target":"MarketplaceBundleSchemaSource"}}},"MarketplaceBundleSchemaSource":{"type":"map","schema":{"type":"any"}},"MarketplaceBundleTrigger":{"type":"struct","properties":{"name":{"type":"string"},"event":{"type":"string"},"action":{"type":"string"}}},"MarketplaceBundleUpdate":{"type":"struct","parent":{"type":"reference","target":"MarketplaceBundle"}},"MarketplaceCollection":{"type":"struct","properties":{"totalResults":{"type":"integer"},"startIndex":{"type":"integer"},"itemsPerPage":{"type":"integer"},"entry":{"type":"array","schema":{"type":"generic","name":"T"}}}},"MarketplaceInstall":{"description":"Installs an object from the marketplace","type":"struct","properties":{"name":{"type":"string"}}},"MarketplaceMessage":{"type":"struct","properties":{"success":{"type":"boolean"},"message":{"type":"string"}}},"MarketplaceObject":{"description":"Base class of all objects on the marketplace","type":"struct","properties":{"id":{"type":"integer"},"name":{"type":"string"},"author":{"type":"reference","target":"MarketplaceUser"},"version":{"type":"string"},"icon":{"type":"string"},"summary":{"type":"string"},"description":{"type":"string"},"cost":{"type":"integer"},"updateDate":{"type":"string","format":"date-time"},"insertDate":{"type":"string","format":"date-time"}}},"MarketplaceUser":{"type":"struct","properties":{"id":{"type":"integer"},"name":{"type":"string"},"verified":{"type":"boolean"}}},"Passthru":{"description":"No schema information available","type":"map","schema":{"type":"any"}},"System_About":{"type":"struct","properties":{"apiVersion":{"type":"string"},"title":{"type":"string"},"description":{"type":"string"},"termsOfService":{"type":"string"},"contactName":{"type":"string"},"contactUrl":{"type":"string"},"contactEmail":{"type":"string"},"licenseName":{"type":"string"},"licenseUrl":{"type":"string"},"paymentCurrency":{"type":"string"},"categories":{"type":"array","schema":{"type":"string"}},"scopes":{"type":"array","schema":{"type":"string"}},"apps":{"type":"reference","target":"System_AboutApps"},"links":{"type":"array","schema":{"type":"reference","target":"System_AboutLink"}}}},"System_AboutApps":{"type":"map","schema":{"type":"string"}},"System_AboutLink":{"type":"struct","properties":{"rel":{"type":"string"},"href":{"type":"string"}}}}}}