{"fusio/marketplace":{"baseUrl":"https://api.fusio-project.org/","security":{"type":"oauth2","tokenUrl":"https://api.fusio-project.org/authorization/token","scopes":["default","marketplace","task"]},"operations":{"authorization.getWhoami":{"path":"/authorization/whoami","method":"GET","return":{"code":200,"schema":{"$ref":"Backend_User"}},"arguments":[],"throws":[{"code":500,"schema":{"$ref":"Common_Message"}}],"description":"","stability":2,"security":["authorization"],"authorization":true,"tags":["authorization"]},"authorization.revoke":{"path":"/authorization/revoke","method":"POST","return":{"code":200,"schema":{"$ref":"Common_Message"}},"arguments":[],"throws":[{"code":400,"schema":{"$ref":"Common_Message"}},{"code":500,"schema":{"$ref":"Common_Message"}}],"description":"","stability":2,"security":["authorization"],"authorization":true,"tags":["authorization"]},"meta.getAbout":{"path":"/","method":"GET","return":{"code":200,"schema":{"$ref":"System_About"}},"arguments":[],"throws":[],"description":"","stability":2,"security":[],"authorization":false,"tags":[]}},"definitions":{"Backend_App":{"type":"object","properties":{"id":{"type":"integer"},"userId":{"type":"integer"},"status":{"type":"integer"},"name":{"type":"string","pattern":"^[a-zA-Z0-9\\-\\_]{3,64}$"},"url":{"type":"string"},"parameters":{"type":"string"},"appKey":{"type":"string"},"appSecret":{"type":"string"},"metadata":{"$ref":"Common_Metadata"},"date":{"format":"date-time","type":"string"},"scopes":{"type":"array","items":{"type":"string"}},"tokens":{"type":"array","items":{"$ref":"Backend_Token"}}}},"Backend_Token":{"type":"object","properties":{"id":{"type":"integer"},"status":{"type":"integer"},"name":{"type":"string"},"scopes":{"type":"array","items":{"type":"string"}},"ip":{"type":"string"},"expire":{"format":"date-time","type":"string"},"date":{"format":"date-time","type":"string"}}},"Backend_User":{"type":"object","properties":{"id":{"type":"integer"},"roleId":{"type":"integer"},"planId":{"type":"integer"},"status":{"type":"integer"},"name":{"type":"string","pattern":"^[a-zA-Z0-9\\-\\_\\.]{3,32}$"},"email":{"type":"string"},"points":{"type":"integer"},"scopes":{"type":"array","items":{"type":"string"}},"apps":{"type":"array","items":{"$ref":"Backend_App"}},"metadata":{"$ref":"Common_Metadata"},"date":{"format":"date-time","type":"string"}}},"Common_Message":{"type":"object","properties":{"success":{"type":"boolean"},"message":{"type":"string"},"id":{"type":"string"}}},"Common_Metadata":{"type":"object","additionalProperties":{"type":"string"}},"System_About":{"type":"object","properties":{"apiVersion":{"type":"string"},"title":{"type":"string"},"description":{"type":"string"},"termsOfService":{"type":"string"},"contactName":{"type":"string"},"contactUrl":{"type":"string"},"contactEmail":{"type":"string"},"licenseName":{"type":"string"},"licenseUrl":{"type":"string"},"paymentCurrency":{"type":"string"},"categories":{"type":"array","items":{"type":"string"}},"scopes":{"type":"array","items":{"type":"string"}},"apps":{"$ref":"System_AboutApps"},"links":{"type":"array","items":{"$ref":"System_AboutLink"}}}},"System_AboutApps":{"type":"object","additionalProperties":{"type":"string"}},"System_AboutLink":{"type":"object","properties":{"rel":{"type":"string"},"href":{"type":"string"}}}}}}